{
  "name": "marques-lab-vj",
  "version": "0.1.0",
  "lockfileVersion": 3,
  "requires": true,
  "packages": {
    "": {
      "name": "marques-lab-vj",
      "version": "0.1.0",
      "license": "MIT",
      "devDependencies": {
        "electron": "^31.0.0",
        "electron-builder": "^24.13.3"
      }
    },
    "node_modules/electron": {
      "version": "31.7.7",
      "resolved": "https://registry.npmjs.org/electron/-/electron-31.7.7.tgz",
      "integrity": "sha512-HZtZg8EHsDGnswFt0QeV8If8B+et63uD6RJ7I4/xhcXqmTIbI08GoubX/wm+HdY0DwcuPe1/xsgqpmYvjdjRoA==",
      "dev": true
    },
    "node_modules/electron-builder": {
      "version": "24.13.3",
      "resolved": "https://registry.npmjs.org/electron-builder/-/electron-builder-24.13.3.tgz",
      "integrity": "sha512-yZSgVHft5dNVlo31qmJAe4BVKQfFdwpRw7sFp1iQglDRCDD6r22zfRJuZlhtB5gp9FHUxCMEoWGq10SkCnMAIg==",
      "dev": true
    }
  }
}
